
Microsoft Visual Studio Solution File, Format Version 12.00
# Visual Studio Version 17
VisualStudioVersion = 17.11.35327.3
MinimumVisualStudioVersion = 10.0.40219.1
Project("{FAE04EC0-301F-11D3-BF4B-00C04F79EFBC}") = "Lagerstyringssystem", "Lagerstyringssystem\Lagerstyringssystem.csproj", "{F68327B7-29A0-4D85-9AC6-A67A18902F63}"
EndProject
Global
	GlobalSection(SolutionConfigurationPlatforms) = preSolution
		Debug|Any CPU = Debug|Any CPU
		Release|Any CPU = Release|Any CPU
	EndGlobalSection
	GlobalSection(ProjectConfigurationPlatforms) = postSolution
		{F68327B7-29A0-4D85-9AC6-A67A18902F63}.Debug|Any CPU.ActiveCfg = Debug|Any CPU
		{F68327B7-29A0-4D85-9AC6-A67A18902F63}.Debug|Any CPU.Build.0 = Debug|Any CPU
		{F68327B7-29A0-4D85-9AC6-A67A18902F63}.Release|Any CPU.ActiveCfg = Release|Any CPU
		{F68327B7-29A0-4D85-9AC6-A67A18902F63}.Release|Any CPU.Build.0 = Release|Any CPU
	EndGlobalSection
	GlobalSection(SolutionProperties) = preSolution
		HideSolutionNode = FALSE
	EndGlobalSection
	GlobalSection(ExtensibilityGlobals) = postSolution
		SolutionGuid = {9120705B-1FD6-4CB1-B3AA-E1CFBCB52037}
	EndGlobalSection
EndGlobal
